
Microsoft Visual Studio Solution File, Format Version 12.00
# Visual Studio 2012
Project("{FAE04EC0-301F-11D3-BF4B-00C04F79EFBC}") = "Builder", "Builder\Builder.csproj", "{B46F8CEB-2F6C-4716-B1AB-F56A3469D100}"
	ProjectSection(ProjectDependencies) = postProject
		{6CBB8313-70EC-4868-B2E4-531430DAA7EB} = {6CBB8313-70EC-4868-B2E4-531430DAA7EB}
		{2DE8002F-9136-429B-9B3D-A054ECBF6A1D} = {2DE8002F-9136-429B-9B3D-A054ECBF6A1D}
		{AF740F4D-FEEB-4090-AED5-3A1D28029B17} = {AF740F4D-FEEB-4090-AED5-3A1D28029B17}
		{034DEFA1-17FB-4F98-88E9-BD38A444A24A} = {034DEFA1-17FB-4F98-88E9-BD38A444A24A}
	EndProjectSection
EndProject
Project("{FAE04EC0-301F-11D3-BF4B-00C04F79EFBC}") = "OracleModel", "OracleModel\OracleModel.csproj", "{034DEFA1-17FB-4F98-88E9-BD38A444A24A}"
EndProject
Project("{FAE04EC0-301F-11D3-BF4B-00C04F79EFBC}") = "MSSQLModel", "MSSQLModel\MSSQLModel.csproj", "{AF740F4D-FEEB-4090-AED5-3A1D28029B17}"
EndProject
Project("{FAE04EC0-301F-11D3-BF4B-00C04F79EFBC}") = "MySqlModel", "MySqlModel\MySqlModel.csproj", "{2DE8002F-9136-429B-9B3D-A054ECBF6A1D}"
EndProject
Project("{FAE04EC0-301F-11D3-BF4B-00C04F79EFBC}") = "GBaseModel", "GBaseModel\GBaseModel.csproj", "{6CBB8313-70EC-4868-B2E4-531430DAA7EB}"
EndProject
Project("{FAE04EC0-301F-11D3-BF4B-00C04F79EFBC}") = "Util", "Util\Util.csproj", "{E0FDCE6F-C67A-487B-92E4-36457475C7AD}"
EndProject
Global
	GlobalSection(SolutionConfigurationPlatforms) = preSolution
		Debug|Any CPU = Debug|Any CPU
		Debug|x86 = Debug|x86
		Release|Any CPU = Release|Any CPU
		Release|x86 = Release|x86
	EndGlobalSection
	GlobalSection(ProjectConfigurationPlatforms) = postSolution
		{B46F8CEB-2F6C-4716-B1AB-F56A3469D100}.Debug|Any CPU.ActiveCfg = Debug|Any CPU
		{B46F8CEB-2F6C-4716-B1AB-F56A3469D100}.Debug|Any CPU.Build.0 = Debug|Any CPU
		{B46F8CEB-2F6C-4716-B1AB-F56A3469D100}.Debug|x86.ActiveCfg = Debug|x86
		{B46F8CEB-2F6C-4716-B1AB-F56A3469D100}.Debug|x86.Build.0 = Debug|x86
		{B46F8CEB-2F6C-4716-B1AB-F56A3469D100}.Release|Any CPU.ActiveCfg = Release|Any CPU
		{B46F8CEB-2F6C-4716-B1AB-F56A3469D100}.Release|Any CPU.Build.0 = Release|Any CPU
		{B46F8CEB-2F6C-4716-B1AB-F56A3469D100}.Release|x86.ActiveCfg = Release|x86
		{B46F8CEB-2F6C-4716-B1AB-F56A3469D100}.Release|x86.Build.0 = Release|x86
		{034DEFA1-17FB-4F98-88E9-BD38A444A24A}.Debug|Any CPU.ActiveCfg = Debug|Any CPU
		{034DEFA1-17FB-4F98-88E9-BD38A444A24A}.Debug|Any CPU.Build.0 = Debug|Any CPU
		{034DEFA1-17FB-4F98-88E9-BD38A444A24A}.Debug|x86.ActiveCfg = Debug|x86
		{034DEFA1-17FB-4F98-88E9-BD38A444A24A}.Debug|x86.Build.0 = Debug|x86
		{034DEFA1-17FB-4F98-88E9-BD38A444A24A}.Release|Any CPU.ActiveCfg = Release|Any CPU
		{034DEFA1-17FB-4F98-88E9-BD38A444A24A}.Release|Any CPU.Build.0 = Release|Any CPU
		{034DEFA1-17FB-4F98-88E9-BD38A444A24A}.Release|x86.ActiveCfg = Release|x86
		{034DEFA1-17FB-4F98-88E9-BD38A444A24A}.Release|x86.Build.0 = Release|x86
		{AF740F4D-FEEB-4090-AED5-3A1D28029B17}.Debug|Any CPU.ActiveCfg = Debug|Any CPU
		{AF740F4D-FEEB-4090-AED5-3A1D28029B17}.Debug|Any CPU.Build.0 = Debug|Any CPU
		{AF740F4D-FEEB-4090-AED5-3A1D28029B17}.Debug|x86.ActiveCfg = Debug|x86
		{AF740F4D-FEEB-4090-AED5-3A1D28029B17}.Debug|x86.Build.0 = Debug|x86
		{AF740F4D-FEEB-4090-AED5-3A1D28029B17}.Release|Any CPU.ActiveCfg = Release|Any CPU
		{AF740F4D-FEEB-4090-AED5-3A1D28029B17}.Release|Any CPU.Build.0 = Release|Any CPU
		{AF740F4D-FEEB-4090-AED5-3A1D28029B17}.Release|x86.ActiveCfg = Release|x86
		{AF740F4D-FEEB-4090-AED5-3A1D28029B17}.Release|x86.Build.0 = Release|x86
		{2DE8002F-9136-429B-9B3D-A054ECBF6A1D}.Debug|Any CPU.ActiveCfg = Debug|Any CPU
		{2DE8002F-9136-429B-9B3D-A054ECBF6A1D}.Debug|Any CPU.Build.0 = Debug|Any CPU
		{2DE8002F-9136-429B-9B3D-A054ECBF6A1D}.Debug|x86.ActiveCfg = Debug|x86
		{2DE8002F-9136-429B-9B3D-A054ECBF6A1D}.Debug|x86.Build.0 = Debug|x86
		{2DE8002F-9136-429B-9B3D-A054ECBF6A1D}.Release|Any CPU.ActiveCfg = Release|Any CPU
		{2DE8002F-9136-429B-9B3D-A054ECBF6A1D}.Release|Any CPU.Build.0 = Release|Any CPU
		{2DE8002F-9136-429B-9B3D-A054ECBF6A1D}.Release|x86.ActiveCfg = Release|x86
		{2DE8002F-9136-429B-9B3D-A054ECBF6A1D}.Release|x86.Build.0 = Release|x86
		{6CBB8313-70EC-4868-B2E4-531430DAA7EB}.Debug|Any CPU.ActiveCfg = Debug|Any CPU
		{6CBB8313-70EC-4868-B2E4-531430DAA7EB}.Debug|Any CPU.Build.0 = Debug|Any CPU
		{6CBB8313-70EC-4868-B2E4-531430DAA7EB}.Debug|x86.ActiveCfg = Debug|x86
		{6CBB8313-70EC-4868-B2E4-531430DAA7EB}.Debug|x86.Build.0 = Debug|x86
		{6CBB8313-70EC-4868-B2E4-531430DAA7EB}.Release|Any CPU.ActiveCfg = Release|Any CPU
		{6CBB8313-70EC-4868-B2E4-531430DAA7EB}.Release|Any CPU.Build.0 = Release|Any CPU
		{6CBB8313-70EC-4868-B2E4-531430DAA7EB}.Release|x86.ActiveCfg = Release|x86
		{6CBB8313-70EC-4868-B2E4-531430DAA7EB}.Release|x86.Build.0 = Release|x86
		{E0FDCE6F-C67A-487B-92E4-36457475C7AD}.Debug|Any CPU.ActiveCfg = Debug|Any CPU
		{E0FDCE6F-C67A-487B-92E4-36457475C7AD}.Debug|Any CPU.Build.0 = Debug|Any CPU
		{E0FDCE6F-C67A-487B-92E4-36457475C7AD}.Debug|x86.ActiveCfg = Debug|x86
		{E0FDCE6F-C67A-487B-92E4-36457475C7AD}.Debug|x86.Build.0 = Debug|x86
		{E0FDCE6F-C67A-487B-92E4-36457475C7AD}.Release|Any CPU.ActiveCfg = Release|Any CPU
		{E0FDCE6F-C67A-487B-92E4-36457475C7AD}.Release|Any CPU.Build.0 = Release|Any CPU
		{E0FDCE6F-C67A-487B-92E4-36457475C7AD}.Release|x86.ActiveCfg = Release|x86
		{E0FDCE6F-C67A-487B-92E4-36457475C7AD}.Release|x86.Build.0 = Release|x86
	EndGlobalSection
	GlobalSection(SolutionProperties) = preSolution
		HideSolutionNode = FALSE
	EndGlobalSection
EndGlobal
